<?xml version="1.0" encoding="utf-8"?>
<Project ToolsVersion="4.0" xmlns="http://schemas.microsoft.com/developer/msbuild/2003">
  <ItemGroup>
    <Filter Include="源文件">
      <UniqueIdentifier>{4FC737F1-C7A5-4376-A066-2A32D752A2FF}</UniqueIdentifier>
      <Extensions>cpp;c;cc;cxx;def;odl;idl;hpj;bat;asm;asmx</Extensions>
    </Filter>
    <Filter Include="头文件">
      <UniqueIdentifier>{93995380-89BD-4b04-88EB-625FBE52EBFB}</UniqueIdentifier>
      <Extensions>h;hh;hpp;hxx;hm;inl;inc;ipp;xsd</Extensions>
    </Filter>
    <Filter Include="资源文件">
      <UniqueIdentifier>{67DA6AB6-F800-4c08-8B7A-83BB121AAD01}</UniqueIdentifier>
      <Extensions>rc;ico;cur;bmp;dlg;rc2;rct;bin;rgs;gif;jpg;jpeg;jpe;resx;tiff;tif;png;wav;mfcribbon-ms</Extensions>
    </Filter>
    <Filter Include="Utils">
      <UniqueIdentifier>{61cf01c5-e2e4-4f02-8096-00f3d2818195}</UniqueIdentifier>
    </Filter>
    <Filter Include="SET">
      <UniqueIdentifier>{1cdbc546-fdce-496f-bf4b-a3c745821e4e}</UniqueIdentifier>
    </Filter>
  </ItemGroup>
  <ItemGroup>
    <ClCompile Include="main.cpp">
      <Filter>源文件</Filter>
    </ClCompile>
    <ClCompile Include="mainTank.cpp">
      <Filter>源文件</Filter>
    </ClCompile>
    <ClCompile Include="Graph.cpp">
      <Filter>源文件</Filter>
    </ClCompile>
    <ClCompile Include="Point.cpp">
      <Filter>源文件</Filter>
    </ClCompile>
    <ClCompile Include="Rect.cpp">
      <Filter>源文件</Filter>
    </ClCompile>
    <ClCompile Include="enemyTank.cpp">
      <Filter>源文件</Filter>
    </ClCompile>
    <ClCompile Include="Bullet.cpp">
      <Filter>源文件</Filter>
    </ClCompile>
    <ClCompile Include="Bomb.cpp">
      <Filter>源文件</Filter>
    </ClCompile>
    <ClCompile Include="Shape.cpp">
      <Filter>Utils</Filter>
    </ClCompile>
    <ClCompile Include="setting.cpp">
      <Filter>SET</Filter>
    </ClCompile>
  </ItemGroup>
  <ItemGroup>
    <ClInclude Include="mainTank.h">
      <Filter>头文件</Filter>
    </ClInclude>
    <ClInclude Include="Graph.h">
      <Filter>头文件</Filter>
    </ClInclude>
    <ClInclude Include="Tank.h">
      <Filter>头文件</Filter>
    </ClInclude>
    <ClInclude Include="Point.h">
      <Filter>头文件</Filter>
    </ClInclude>
    <ClInclude Include="Rect.h">
      <Filter>头文件</Filter>
    </ClInclude>
    <ClInclude Include="enemyTank.h">
      <Filter>头文件</Filter>
    </ClInclude>
    <ClInclude Include="Object.h">
      <Filter>头文件</Filter>
    </ClInclude>
    <ClInclude Include="Bullet.h">
      <Filter>头文件</Filter>
    </ClInclude>
    <ClInclude Include="Bomb.h">
      <Filter>头文件</Filter>
    </ClInclude>
    <ClInclude Include="Shape.h">
      <Filter>Utils</Filter>
    </ClInclude>
    <ClInclude Include="setting.h">
      <Filter>SET</Filter>
    </ClInclude>
  </ItemGroup>
</Project>